schema: '2.0'
stages:
  prepare_data:
    cmd: python src/data_prep.py
    deps:
    - path: IMDB Dataset.csv
      hash: md5
      md5: 308443a50e5c993e7b8a1cdb95750026
      size: 66212309
    - path: heart.csv
      hash: md5
      md5: f1800e98a8507551de5873226be1682b
      size: 11325
    - path: params.yaml
      hash: md5
      md5: c7cca8106433a7f181fc70415f125e65
      size: 793
    - path: src/data_prep.py
      hash: md5
      md5: e6009cee701feebebdfe62b57fabd10b
      size: 5140
    outs:
    - path: data/heart_test.csv
      hash: md5
      md5: b0ad34418e7fbaa526474836c5cfac35
      size: 15861
    - path: data/heart_train.csv
      hash: md5
      md5: 7415a3638c7b25f9a9fba5fd60cccbaf
      size: 62637
    - path: data/imdb_test.csv
      hash: md5
      md5: 941890637b6258d261622fb313ad648c
      size: 77876476
    - path: data/imdb_train.csv
      hash: md5
      md5: 5987eb7526d6239dc9472d85feb82555
      size: 311816804
  train_model:
    cmd: python src/train.py
    deps:
    - path: data/heart_test.csv
      hash: md5
      md5: b0ad34418e7fbaa526474836c5cfac35
      size: 15861
    - path: data/heart_train.csv
      hash: md5
      md5: 7415a3638c7b25f9a9fba5fd60cccbaf
      size: 62637
    - path: data/imdb_test.csv
      hash: md5
      md5: 941890637b6258d261622fb313ad648c
      size: 77876476
    - path: data/imdb_train.csv
      hash: md5
      md5: 5987eb7526d6239dc9472d85feb82555
      size: 311816804
    - path: params.yaml
      hash: md5
      md5: c7cca8106433a7f181fc70415f125e65
      size: 793
    - path: src/train.py
      hash: md5
      md5: 29ae4a65b45cab35ce0ae8631f2407dc
      size: 6078
    params:
      params.yaml:
        data.heart_label_column: target
        data.label_column: sentiment
        models.gbm:
          enabled: true
          params:
            learning_rate:
            - 0.01
            - 0.1
            max_depth:
            - 3
            - 5
            n_estimators:
            - 5
            - 10
        models.linearsvc:
          enabled: true
          params:
            C:
            - 0.1
            - 1
        models.lr:
          enabled: true
          params:
            C:
            - 0.1
            - 1
        models.xgb:
          enabled: true
          params:
            learning_rate:
            - 0.01
            - 0.1
            max_depth:
            - 3
            - 5
            n_estimators:
            - 5
            - 10
        preprocess.text.max_words: 1500
        train.cv_folds: 3
        train.random_state: 42
        train.sample_size: 5000
        train.test_size: 0.2
    outs:
    - path: metrics/train_metrics.json
      hash: md5
      md5: 596a91b58ffc520adc87b40efc73c16d
      size: 97
    - path: models/
      hash: md5
      md5: ae18789ea162ab0b5936bee4ca6c265f.dir
      size: 58087
      nfiles: 2
